// !$*UTF8*$!
{
	archiveVersion = 1;
	classes = {
	};
	objectVersion = 55;
	objects = {

/* Begin PBXBuildFile section */
		54B2DD28290C03D4008BE462 /* AppDelegate.swift in Sources */ = {isa = PBXBuildFile; fileRef = 54B2DD27290C03D4008BE462 /* AppDelegate.swift */; };
		54B2DD2A290C03D4008BE462 /* SceneDelegate.swift in Sources */ = {isa = PBXBuildFile; fileRef = 54B2DD29290C03D4008BE462 /* SceneDelegate.swift */; };
		54B2DD2C290C03D4008BE462 /* ViewController.swift in Sources */ = {isa = PBXBuildFile; fileRef = 54B2DD2B290C03D4008BE462 /* ViewController.swift */; };
		54B2DD2F290C03D5008BE462 /* Main.storyboard in Resources */ = {isa = PBXBuildFile; fileRef = 54B2DD2D290C03D5008BE462 /* Main.storyboard */; };
		54B2DD31290C03D6008BE462 /* Assets.xcassets in Resources */ = {isa = PBXBuildFile; fileRef = 54B2DD30290C03D6008BE462 /* Assets.xcassets */; };
		54B2DD34290C03D6008BE462 /* LaunchScreen.storyboard in Resources */ = {isa = PBXBuildFile; fileRef = 54B2DD32290C03D6008BE462 /* LaunchScreen.storyboard */; };
		54B2DD3F290C03D6008BE462 /* MultipleRowsSelectionTests.swift in Sources */ = {isa = PBXBuildFile; fileRef = 54B2DD3E290C03D6008BE462 /* MultipleRowsSelectionTests.swift */; };
		54B2DD49290C03D6008BE462 /* MultipleRowsSelectionUITests.swift in Sources */ = {isa = PBXBuildFile; fileRef = 54B2DD48290C03D6008BE462 /* MultipleRowsSelectionUITests.swift */; };
		54B2DD4B290C03D6008BE462 /* MultipleRowsSelectionUITestsLaunchTests.swift in Sources */ = {isa = PBXBuildFile; fileRef = 54B2DD4A290C03D6008BE462 /* MultipleRowsSelectionUITestsLaunchTests.swift */; };
/* End PBXBuildFile section */

/* Begin PBXContainerItemProxy section */
		54B2DD3B290C03D6008BE462 /* PBXContainerItemProxy */ = {
			isa = PBXContainerItemProxy;
			containerPortal = 54B2DD1C290C03D4008BE462 /* Project object */;
			proxyType = 1;
			remoteGlobalIDString = 54B2DD23290C03D4008BE462;
			remoteInfo = MultipleRowsSelection;
		};
		54B2DD45290C03D6008BE462 /* PBXContainerItemProxy */ = {
			isa = PBXContainerItemProxy;
			containerPortal = 54B2DD1C290C03D4008BE462 /* Project object */;
			proxyType = 1;
			remoteGlobalIDString = 54B2DD23290C03D4008BE462;
			remoteInfo = MultipleRowsSelection;
		};
/* End PBXContainerItemProxy section */

/* Begin PBXFileReference section */
		54B2DD24290C03D4008BE462 /* MultipleRowsSelection.app */ = {isa = PBXFileReference; explicitFileType = wrapper.application; includeInIndex = 0; path = MultipleRowsSelection.app; sourceTree = BUILT_PRODUCTS_DIR; };
		54B2DD27290C03D4008BE462 /* AppDelegate.swift */ = {isa = PBXFileReference; lastKnownFileType = sourcecode.swift; path = AppDelegate.swift; sourceTree = "<group>"; };
		54B2DD29290C03D4008BE462 /* SceneDelegate.swift */ = {isa = PBXFileReference; lastKnownFileType = sourcecode.swift; path = SceneDelegate.swift; sourceTree = "<group>"; };
		54B2DD2B290C03D4008BE462 /* ViewController.swift */ = {isa = PBXFileReference; lastKnownFileType = sourcecode.swift; path = ViewController.swift; sourceTree = "<group>"; };
		54B2DD2E290C03D5008BE462 /* Base */ = {isa = PBXFileReference; lastKnownFileType = file.storyboard; name = Base; path = Base.lproj/Main.storyboard; sourceTree = "<group>"; };
		54B2DD30290C03D6008BE462 /* Assets.xcassets */ = {isa = PBXFileReference; lastKnownFileType = folder.assetcatalog; path = Assets.xcassets; sourceTree = "<group>"; };
		54B2DD33290C03D6008BE462 /* Base */ = {isa = PBXFileReference; lastKnownFileType = file.storyboard; name = Base; path = Base.lproj/LaunchScreen.storyboard; sourceTree = "<group>"; };
		54B2DD35290C03D6008BE462 /* Info.plist */ = {isa = PBXFileReference; lastKnownFileType = text.plist.xml; path = Info.plist; sourceTree = "<group>"; };
		54B2DD3A290C03D6008BE462 /* MultipleRowsSelectionTests.xctest */ = {isa = PBXFileReference; explicitFileType = wrapper.cfbundle; includeInIndex = 0; path = MultipleRowsSelectionTests.xctest; sourceTree = BUILT_PRODUCTS_DIR; };
		54B2DD3E290C03D6008BE462 /* MultipleRowsSelectionTests.swift */ = {isa = PBXFileReference; lastKnownFileType = sourcecode.swift; path = MultipleRowsSelectionTests.swift; sourceTree = "<group>"; };
		54B2DD44290C03D6008BE462 /* MultipleRowsSelectionUITests.xctest */ = {isa = PBXFileReference; explicitFileType = wrapper.cfbundle; includeInIndex = 0; path = MultipleRowsSelectionUITests.xctest; sourceTree = BUILT_PRODUCTS_DIR; };
		54B2DD48290C03D6008BE462 /* MultipleRowsSelectionUITests.swift */ = {isa = PBXFileReference; lastKnownFileType = sourcecode.swift; path = MultipleRowsSelectionUITests.swift; sourceTree = "<group>"; };
		54B2DD4A290C03D6008BE462 /* MultipleRowsSelectionUITestsLaunchTests.swift */ = {isa = PBXFileReference; lastKnownFileType = sourcecode.swift; path = MultipleRowsSelectionUITestsLaunchTests.swift; sourceTree = "<group>"; };
/* End PBXFileReference section */

/* Begin PBXFrameworksBuildPhase section */
		54B2DD21290C03D4008BE462 /* Frameworks */ = {
			isa = PBXFrameworksBuildPhase;
			buildActionMask = 2147483647;
			files = (
			);
			runOnlyForDeploymentPostprocessing = 0;
		};
		54B2DD37290C03D6008BE462 /* Frameworks */ = {
			isa = PBXFrameworksBuildPhase;
			buildActionMask = 2147483647;
			files = (
			);
			runOnlyForDeploymentPostprocessing = 0;
		};
		54B2DD41290C03D6008BE462 /* Frameworks */ = {
			isa = PBXFrameworksBuildPhase;
			buildActionMask = 2147483647;
			files = (
			);
			runOnlyForDeploymentPostprocessing = 0;
		};
/* End PBXFrameworksBuildPhase section */

/* Begin PBXGroup section */
		54B2DD1B290C03D4008BE462 = {
			isa = PBXGroup;
			children = (
				54B2DD26290C03D4008BE462 /* MultipleRowsSelection */,
				54B2DD3D290C03D6008BE462 /* MultipleRowsSelectionTests */,
				54B2DD47290C03D6008BE462 /* MultipleRowsSelectionUITests */,
				54B2DD25290C03D4008BE462 /* Products */,
			);
			sourceTree = "<group>";
		};
		54B2DD25290C03D4008BE462 /* Products */ = {
			isa = PBXGroup;
			children = (
				54B2DD24290C03D4008BE462 /* MultipleRowsSelection.app */,
				54B2DD3A290C03D6008BE462 /* MultipleRowsSelectionTests.xctest */,
				54B2DD44290C03D6008BE462 /* MultipleRowsSelectionUITests.xctest */,
			);
			name = Products;
			sourceTree = "<group>";
		};
		54B2DD26290C03D4008BE462 /* MultipleRowsSelection */ = {
			isa = PBXGroup;
			children = (
				54B2DD27290C03D4008BE462 /* AppDelegate.swift */,
				54B2DD29290C03D4008BE462 /* SceneDelegate.swift */,
				54B2DD2B290C03D4008BE462 /* ViewController.swift */,
				54B2DD2D290C03D5008BE462 /* Main.storyboard */,
				54B2DD30290C03D6008BE462 /* Assets.xcassets */,
				54B2DD32290C03D6008BE462 /* LaunchScreen.storyboard */,
				54B2DD35290C03D6008BE462 /* Info.plist */,
			);
			path = MultipleRowsSelection;
			sourceTree = "<group>";
		};
		54B2DD3D290C03D6008BE462 /* MultipleRowsSelectionTests */ = {
			isa = PBXGroup;
			children = (
				54B2DD3E290C03D6008BE462 /* MultipleRowsSelectionTests.swift */,
			);
			path = MultipleRowsSelectionTests;
			sourceTree = "<group>";
		};
		54B2DD47290C03D6008BE462 /* MultipleRowsSelectionUITests */ = {
			isa = PBXGroup;
			children = (
				54B2DD48290C03D6008BE462 /* MultipleRowsSelectionUITests.swift */,
				54B2DD4A290C03D6008BE462 /* MultipleRowsSelectionUITestsLaunchTests.swift */,
			);
			path = MultipleRowsSelectionUITests;
			sourceTree = "<group>";
		};
/* End PBXGroup section */

/* Begin PBXNativeTarget section */
		54B2DD23290C03D4008BE462 /* MultipleRowsSelection */ = {
			isa = PBXNativeTarget;
			buildConfigurationList = 54B2DD4E290C03D6008BE462 /* Build configuration list for PBXNativeTarget "MultipleRowsSelection" */;
			buildPhases = (
				54B2DD20290C03D4008BE462 /* Sources */,
				54B2DD21290C03D4008BE462 /* Frameworks */,
				54B2DD22290C03D4008BE462 /* Resources */,
			);
			buildRules = (
			);
			dependencies = (
			);
			name = MultipleRowsSelection;
			productName = MultipleRowsSelection;
			productReference = 54B2DD24290C03D4008BE462 /* MultipleRowsSelection.app */;
			productType = "com.apple.product-type.application";
		};
		54B2DD39290C03D6008BE462 /* MultipleRowsSelectionTests */ = {
			isa = PBXNativeTarget;
			buildConfigurationList = 54B2DD51290C03D6008BE462 /* Build configuration list for PBXNativeTarget "MultipleRowsSelectionTests" */;
			buildPhases = (
				54B2DD36290C03D6008BE462 /* Sources */,
				54B2DD37290C03D6008BE462 /* Frameworks */,
				54B2DD38290C03D6008BE462 /* Resources */,
			);
			buildRules = (
			);
			dependencies = (
				54B2DD3C290C03D6008BE462 /* PBXTargetDependency */,
			);
			name = MultipleRowsSelectionTests;
			productName = MultipleRowsSelectionTests;
			productReference = 54B2DD3A290C03D6008BE462 /* MultipleRowsSelectionTests.xctest */;
			productType = "com.apple.product-type.bundle.unit-test";
		};
		54B2DD43290C03D6008BE462 /* MultipleRowsSelectionUITests */ = {
			isa = PBXNativeTarget;
			buildConfigurationList = 54B2DD54290C03D6008BE462 /* Build configuration list for PBXNativeTarget "MultipleRowsSelectionUITests" */;
			buildPhases = (
				54B2DD40290C03D6008BE462 /* Sources */,
				54B2DD41290C03D6008BE462 /* Frameworks */,
				54B2DD42290C03D6008BE462 /* Resources */,
			);
			buildRules = (
			);
			dependencies = (
				54B2DD46290C03D6008BE462 /* PBXTargetDependency */,
			);
			name = MultipleRowsSelectionUITests;
			productName = MultipleRowsSelectionUITests;
			productReference = 54B2DD44290C03D6008BE462 /* MultipleRowsSelectionUITests.xctest */;
			productType = "com.apple.product-type.bundle.ui-testing";
		};
/* End PBXNativeTarget section */

/* Begin PBXProject section */
		54B2DD1C290C03D4008BE462 /* Project object */ = {
			isa = PBXProject;
			attributes = {
				BuildIndependentTargetsInParallel = 1;
				LastSwiftUpdateCheck = 1320;
				LastUpgradeCheck = 1320;
				TargetAttributes = {
					54B2DD23290C03D4008BE462 = {
						CreatedOnToolsVersion = 13.2.1;
					};
					54B2DD39290C03D6008BE462 = {
						CreatedOnToolsVersion = 13.2.1;
						TestTargetID = 54B2DD23290C03D4008BE462;
					};
					54B2DD43290C03D6008BE462 = {
						CreatedOnToolsVersion = 13.2.1;
						TestTargetID = 54B2DD23290C03D4008BE462;
					};
				};
			};
			buildConfigurationList = 54B2DD1F290C03D4008BE462 /* Build configuration list for PBXProject "MultipleRowsSelection" */;
			compatibilityVersion = "Xcode 13.0";
			developmentRegion = en;
			hasScannedForEncodings = 0;
			knownRegions = (
				en,
				Base,
			);
			mainGroup = 54B2DD1B290C03D4008BE462;
			productRefGroup = 54B2DD25290C03D4008BE462 /* Products */;
			projectDirPath = "";
			projectRoot = "";
			targets = (
				54B2DD23290C03D4008BE462 /* MultipleRowsSelection */,
				54B2DD39290C03D6008BE462 /* MultipleRowsSelectionTests */,
				54B2DD43290C03D6008BE462 /* MultipleRowsSelectionUITests */,
			);
		};
/* End PBXProject section */

/* Begin PBXResourcesBuildPhase section */
		54B2DD22290C03D4008BE462 /* Resources */ = {
			isa = PBXResourcesBuildPhase;
			buildActionMask = 2147483647;
			files = (
				54B2DD34290C03D6008BE462 /* LaunchScreen.storyboard in Resources */,
				54B2DD31290C03D6008BE462 /* Assets.xcassets in Resources */,
				54B2DD2F290C03D5008BE462 /* Main.storyboard in Resources */,
			);
			runOnlyForDeploymentPostprocessing = 0;
		};
		54B2DD38290C03D6008BE462 /* Resources */ = {
			isa = PBXResourcesBuildPhase;
			buildActionMask = 2147483647;
			files = (
			);
			runOnlyForDeploymentPostprocessing = 0;
		};
		54B2DD42290C03D6008BE462 /* Resources */ = {
			isa = PBXResourcesBuildPhase;
			buildActionMask = 2147483647;
			files = (
			);
			runOnlyForDeploymentPostprocessing = 0;
		};
/* End PBXResourcesBuildPhase section */

/* Begin PBXSourcesBuildPhase section */
		54B2DD20290C03D4008BE462 /* Sources */ = {
			isa = PBXSourcesBuildPhase;
			buildActionMask = 2147483647;
			files = (
				54B2DD2C290C03D4008BE462 /* ViewController.swift in Sources */,
				54B2DD28290C03D4008BE462 /* AppDelegate.swift in Sources */,
				54B2DD2A290C03D4008BE462 /* SceneDelegate.swift in Sources */,
			);
			runOnlyForDeploymentPostprocessing = 0;
		};
		54B2DD36290C03D6008BE462 /* Sources */ = {
			isa = PBXSourcesBuildPhase;
			buildActionMask = 2147483647;
			files = (
				54B2DD3F290C03D6008BE462 /* MultipleRowsSelectionTests.swift in Sources */,
			);
			runOnlyForDeploymentPostprocessing = 0;
		};
		54B2DD40290C03D6008BE462 /* Sources */ = {
			isa = PBXSourcesBuildPhase;
			buildActionMask = 2147483647;
			files = (
				54B2DD4B290C03D6008BE462 /* MultipleRowsSelectionUITestsLaunchTests.swift in Sources */,
				54B2DD49290C03D6008BE462 /* MultipleRowsSelectionUITests.swift in Sources */,
			);
			runOnlyForDeploymentPostprocessing = 0;
		};
/* End PBXSourcesBuildPhase section */

/* Begin PBXTargetDependency section */
		54B2DD3C290C03D6008BE462 /* PBXTargetDependency */ = {
			isa = PBXTargetDependency;
			target = 54B2DD23290C03D4008BE462 /* MultipleRowsSelection */;
			targetProxy = 54B2DD3B290C03D6008BE462 /* PBXContainerItemProxy */;
		};
		54B2DD46290C03D6008BE462 /* PBXTargetDependency */ = {
			isa = PBXTargetDependency;
			target = 54B2DD23290C03D4008BE462 /* MultipleRowsSelection */;
			targetProxy = 54B2DD45290C03D6008BE462 /* PBXContainerItemProxy */;
		};
/* End PBXTargetDependency section */

/* Begin PBXVariantGroup section */
		54B2DD2D290C03D5008BE462 /* Main.storyboard */ = {
			isa = PBXVariantGroup;
			children = (
				54B2DD2E290C03D5008BE462 /* Base */,
			);
			name = Main.storyboard;
			sourceTree = "<group>";
		};
		54B2DD32290C03D6008BE462 /* LaunchScreen.storyboard */ = {
			isa = PBXVariantGroup;
			children = (
				54B2DD33290C03D6008BE462 /* Base */,
			);
			name = LaunchScreen.storyboard;
			sourceTree = "<group>";
		};
/* End PBXVariantGroup section */

/* Begin XCBuildConfiguration section */
		54B2DD4C290C03D6008BE462 /* Debug */ = {
			isa = XCBuildConfiguration;
			buildSettings = {
				ALWAYS_SEARCH_USER_PATHS = NO;
				CLANG_ANALYZER_NONNULL = YES;
				CLANG_ANALYZER_NUMBER_OBJECT_CONVERSION = YES_AGGRESSIVE;
				CLANG_CXX_LANGUAGE_STANDARD = "gnu++17";
				CLANG_CXX_LIBRARY = "libc++";
				CLANG_ENABLE_MODULES = YES;
				CLANG_ENABLE_OBJC_ARC = YES;
				CLANG_ENABLE_OBJC_WEAK = YES;
				CLANG_WARN_BLOCK_CAPTURE_AUTORELEASING = YES;
				CLANG_WARN_BOOL_CONVERSION = YES;
				CLANG_WARN_COMMA = YES;
				CLANG_WARN_CONSTANT_CONVERSION = YES;
				CLANG_WARN_DEPRECATED_OBJC_IMPLEMENTATIONS = YES;
				CLANG_WARN_DIRECT_OBJC_ISA_USAGE = YES_ERROR;
				CLANG_WARN_DOCUMENTATION_COMMENTS = YES;
				CLANG_WARN_EMPTY_BODY = YES;
				CLANG_WARN_ENUM_CONVERSION = YES;
				CLANG_WARN_INFINITE_RECURSION = YES;
				CLANG_WARN_INT_CONVERSION = YES;
				CLANG_WARN_NON_LITERAL_NULL_CONVERSION = YES;
				CLANG_WARN_OBJC_IMPLICIT_RETAIN_SELF = YES;
				CLANG_WARN_OBJC_LITERAL_CONVERSION = YES;
				CLANG_WARN_OBJC_ROOT_CLASS = YES_ERROR;
				CLANG_WARN_QUOTED_INCLUDE_IN_FRAMEWORK_HEADER = YES;
				CLANG_WARN_RANGE_LOOP_ANALYSIS = YES;
				CLANG_WARN_STRICT_PROTOTYPES = YES;
				CLANG_WARN_SUSPICIOUS_MOVE = YES;
				CLANG_WARN_UNGUARDED_AVAILABILITY = YES_AGGRESSIVE;
				CLANG_WARN_UNREACHABLE_CODE = YES;
				CLANG_WARN__DUPLICATE_METHOD_MATCH = YES;
				COPY_PHASE_STRIP = NO;
				DEBUG_INFORMATION_FORMAT = dwarf;
				ENABLE_STRICT_OBJC_MSGSEND = YES;
				ENABLE_TESTABILITY = YES;
				GCC_C_LANGUAGE_STANDARD = gnu11;
				GCC_DYNAMIC_NO_PIC = NO;
				GCC_NO_COMMON_BLOCKS = YES;
				GCC_OPTIMIZATION_LEVEL = 0;
				GCC_PREPROCESSOR_DEFINITIONS = (
					"DEBUG=1",
					"$(inherited)",
				);
				GCC_WARN_64_TO_32_BIT_CONVERSION = YES;
				GCC_WARN_ABOUT_RETURN_TYPE = YES_ERROR;
				GCC_WARN_UNDECLARED_SELECTOR = YES;
				GCC_WARN_UNINITIALIZED_AUTOS = YES_AGGRESSIVE;
				GCC_WARN_UNUSED_FUNCTION = YES;
				GCC_WARN_UNUSED_VARIABLE = YES;
				IPHONEOS_DEPLOYMENT_TARGET = 15.2;
				MTL_ENABLE_DEBUG_INFO = INCLUDE_SOURCE;
				MTL_FAST_MATH = YES;
				ONLY_ACTIVE_ARCH = YES;
				SDKROOT = iphoneos;
				SWIFT_ACTIVE_COMPILATION_CONDITIONS = DEBUG;
				SWIFT_OPTIMIZATION_LEVEL = "-Onone";
			};
			name = Debug;
		};
		54B2DD4D290C03D6008BE462 /* Release */ = {
			isa = XCBuildConfiguration;
			buildSettings = {
				ALWAYS_SEARCH_USER_PATHS = NO;
				CLANG_ANALYZER_NONNULL = YES;
				CLANG_ANALYZER_NUMBER_OBJECT_CONVERSION = YES_AGGRESSIVE;
				CLANG_CXX_LANGUAGE_STANDARD = "gnu++17";
				CLANG_CXX_LIBRARY = "libc++";
				CLANG_ENABLE_MODULES = YES;
				CLANG_ENABLE_OBJC_ARC = YES;
				CLANG_ENABLE_OBJC_WEAK = YES;
				CLANG_WARN_BLOCK_CAPTURE_AUTORELEASING = YES;
				CLANG_WARN_BOOL_CONVERSION = YES;
				CLANG_WARN_COMMA = YES;
				CLANG_WARN_CONSTANT_CONVERSION = YES;
				CLANG_WARN_DEPRECATED_OBJC_IMPLEMENTATIONS = YES;
				CLANG_WARN_DIRECT_OBJC_ISA_USAGE = YES_ERROR;
				CLANG_WARN_DOCUMENTATION_COMMENTS = YES;
				CLANG_WARN_EMPTY_BODY = YES;
				CLANG_WARN_ENUM_CONVERSION = YES;
				CLANG_WARN_INFINITE_RECURSION = YES;
				CLANG_WARN_INT_CONVERSION = YES;
				CLANG_WARN_NON_LITERAL_NULL_CONVERSION = YES;
				CLANG_WARN_OBJC_IMPLICIT_RETAIN_SELF = YES;
				CLANG_WARN_OBJC_LITERAL_CONVERSION = YES;
				CLANG_WARN_OBJC_ROOT_CLASS = YES_ERROR;
				CLANG_WARN_QUOTED_INCLUDE_IN_FRAMEWORK_HEADER = YES;
				CLANG_WARN_RANGE_LOOP_ANALYSIS = YES;
				CLANG_WARN_STRICT_PROTOTYPES = YES;
				CLANG_WARN_SUSPICIOUS_MOVE = YES;
				CLANG_WARN_UNGUARDED_AVAILABILITY = YES_AGGRESSIVE;
				CLANG_WARN_UNREACHABLE_CODE = YES;
				CLANG_WARN__DUPLICATE_METHOD_MATCH = YES;
				COPY_PHASE_STRIP = NO;
				DEBUG_INFORMATION_FORMAT = "dwarf-with-dsym";
				ENABLE_NS_ASSERTIONS = NO;
				ENABLE_STRICT_OBJC_MSGSEND = YES;
				GCC_C_LANGUAGE_STANDARD = gnu11;
				GCC_NO_COMMON_BLOCKS = YES;
				GCC_WARN_64_TO_32_BIT_CONVERSION = YES;
				GCC_WARN_ABOUT_RETURN_TYPE = YES_ERROR;
				GCC_WARN_UNDECLARED_SELECTOR = YES;
				GCC_WARN_UNINITIALIZED_AUTOS = YES_AGGRESSIVE;
				GCC_WARN_UNUSED_FUNCTION = YES;
				GCC_WARN_UNUSED_VARIABLE = YES;
				IPHONEOS_DEPLOYMENT_TARGET = 15.2;
				MTL_ENABLE_DEBUG_INFO = NO;
				MTL_FAST_MATH = YES;
				SDKROOT = iphoneos;
				SWIFT_COMPILATION_MODE = wholemodule;
				SWIFT_OPTIMIZATION_LEVEL = "-O";
				VALIDATE_PRODUCT = YES;
			};
			name = Release;
		};
		54B2DD4F290C03D6008BE462 /* Debug */ = {
			isa = XCBuildConfiguration;
			buildSettings = {
				ASSETCATALOG_COMPILER_APPICON_NAME = AppIcon;
				ASSETCATALOG_COMPILER_GLOBAL_ACCENT_COLOR_NAME = AccentColor;
				CODE_SIGN_STYLE = Automatic;
				CURRENT_PROJECT_VERSION = 1;
				DEVELOPMENT_TEAM = ZUVDMQ99VU;
				GENERATE_INFOPLIST_FILE = YES;
				INFOPLIST_FILE = MultipleRowsSelection/Info.plist;
				INFOPLIST_KEY_UIApplicationSupportsIndirectInputEvents = YES;
				INFOPLIST_KEY_UILaunchStoryboardName = LaunchScreen;
				INFOPLIST_KEY_UIMainStoryboardFile = Main;
				INFOPLIST_KEY_UISupportedInterfaceOrientations_iPad = "UIInterfaceOrientationPortrait UIInterfaceOrientationPortraitUpsideDown UIInterfaceOrientationLandscapeLeft UIInterfaceOrientationLandscapeRight";
				INFOPLIST_KEY_UISupportedInterfaceOrientations_iPhone = "UIInterfaceOrientationPortrait UIInterfaceOrientationLandscapeLeft UIInterfaceOrientationLandscapeRight";
				LD_RUNPATH_SEARCH_PATHS = (
					"$(inherited)",
					"@executable_path/Frameworks",
				);
				MARKETING_VERSION = 1.0;
				PRODUCT_BUNDLE_IDENTIFIER = com.simbesi.MultipleRowsSelection;
				PRODUCT_NAME = "$(TARGET_NAME)";
				SWIFT_EMIT_LOC_STRINGS = YES;
				SWIFT_VERSION = 5.0;
				TARGETED_DEVICE_FAMILY = "1,2";
			};
			name = Debug;
		};
		54B2DD50290C03D6008BE462 /* Release */ = {
			isa = XCBuildConfiguration;
			buildSettings = {
				ASSETCATALOG_COMPILER_APPICON_NAME = AppIcon;
				ASSETCATALOG_COMPILER_GLOBAL_ACCENT_COLOR_NAME = AccentColor;
				CODE_SIGN_STYLE = Automatic;
				CURRENT_PROJECT_VERSION = 1;
				DEVELOPMENT_TEAM = ZUVDMQ99VU;
				GENERATE_INFOPLIST_FILE = YES;
				INFOPLIST_FILE = MultipleRowsSelection/Info.plist;
				INFOPLIST_KEY_UIApplicationSupportsIndirectInputEvents = YES;
				INFOPLIST_KEY_UILaunchStoryboardName = LaunchScreen;
				INFOPLIST_KEY_UIMainStoryboardFile = Main;
				INFOPLIST_KEY_UISupportedInterfaceOrientations_iPad = "UIInterfaceOrientationPortrait UIInterfaceOrientationPortraitUpsideDown UIInterfaceOrientationLandscapeLeft UIInterfaceOrientationLandscapeRight";
				INFOPLIST_KEY_UISupportedInterfaceOrientations_iPhone = "UIInterfaceOrientationPortrait UIInterfaceOrientationLandscapeLeft UIInterfaceOrientationLandscapeRight";
				LD_RUNPATH_SEARCH_PATHS = (
					"$(inherited)",
					"@executable_path/Frameworks",
				);
				MARKETING_VERSION = 1.0;
				PRODUCT_BUNDLE_IDENTIFIER = com.simbesi.MultipleRowsSelection;
				PRODUCT_NAME = "$(TARGET_NAME)";
				SWIFT_EMIT_LOC_STRINGS = YES;
				SWIFT_VERSION = 5.0;
				TARGETED_DEVICE_FAMILY = "1,2";
			};
			name = Release;
		};
		54B2DD52290C03D6008BE462 /* Debug */ = {
			isa = XCBuildConfiguration;
			buildSettings = {
				ALWAYS_EMBED_SWIFT_STANDARD_LIBRARIES = YES;
				BUNDLE_LOADER = "$(TEST_HOST)";
				CODE_SIGN_STYLE = Automatic;
				CURRENT_PROJECT_VERSION = 1;
				DEVELOPMENT_TEAM = ZUVDMQ99VU;
				GENERATE_INFOPLIST_FILE = YES;
				IPHONEOS_DEPLOYMENT_TARGET = 15.2;
				MARKETING_VERSION = 1.0;
				PRODUCT_BUNDLE_IDENTIFIER = com.simbesi.MultipleRowsSelectionTests;
				PRODUCT_NAME = "$(TARGET_NAME)";
				SWIFT_EMIT_LOC_STRINGS = NO;
				SWIFT_VERSION = 5.0;
				TARGETED_DEVICE_FAMILY = "1,2";
				TEST_HOST = "$(BUILT_PRODUCTS_DIR)/MultipleRowsSelection.app/MultipleRowsSelection";
			};
			name = Debug;
		};
		54B2DD53290C03D6008BE462 /* Release */ = {
			isa = XCBuildConfiguration;
			buildSettings = {
				ALWAYS_EMBED_SWIFT_STANDARD_LIBRARIES = YES;
				BUNDLE_LOADER = "$(TEST_HOST)";
				CODE_SIGN_STYLE = Automatic;
				CURRENT_PROJECT_VERSION = 1;
				DEVELOPMENT_TEAM = ZUVDMQ99VU;
				GENERATE_INFOPLIST_FILE = YES;
				IPHONEOS_DEPLOYMENT_TARGET = 15.2;
				MARKETING_VERSION = 1.0;
				PRODUCT_BUNDLE_IDENTIFIER = com.simbesi.MultipleRowsSelectionTests;
				PRODUCT_NAME = "$(TARGET_NAME)";
				SWIFT_EMIT_LOC_STRINGS = NO;
				SWIFT_VERSION = 5.0;
				TARGETED_DEVICE_FAMILY = "1,2";
				TEST_HOST = "$(BUILT_PRODUCTS_DIR)/MultipleRowsSelection.app/MultipleRowsSelection";
			};
			name = Release;
		};
		54B2DD55290C03D6008BE462 /* Debug */ = {
			isa = XCBuildConfiguration;
			buildSettings = {
				ALWAYS_EMBED_SWIFT_STANDARD_LIBRARIES = YES;
				CODE_SIGN_STYLE = Automatic;
				CURRENT_PROJECT_VERSION = 1;
				DEVELOPMENT_TEAM = ZUVDMQ99VU;
				GENERATE_INFOPLIST_FILE = YES;
				MARKETING_VERSION = 1.0;
				PRODUCT_BUNDLE_IDENTIFIER = com.simbesi.MultipleRowsSelectionUITests;
				PRODUCT_NAME = "$(TARGET_NAME)";
				SWIFT_EMIT_LOC_STRINGS = NO;
				SWIFT_VERSION = 5.0;
				TARGETED_DEVICE_FAMILY = "1,2";
				TEST_TARGET_NAME = MultipleRowsSelection;
			};
			name = Debug;
		};
		54B2DD56290C03D6008BE462 /* Release */ = {
			isa = XCBuildConfiguration;
			buildSettings = {
				ALWAYS_EMBED_SWIFT_STANDARD_LIBRARIES = YES;
				CODE_SIGN_STYLE = Automatic;
				CURRENT_PROJECT_VERSION = 1;
				DEVELOPMENT_TEAM = ZUVDMQ99VU;
				GENERATE_INFOPLIST_FILE = YES;
				MARKETING_VERSION = 1.0;
				PRODUCT_BUNDLE_IDENTIFIER = com.simbesi.MultipleRowsSelectionUITests;
				PRODUCT_NAME = "$(TARGET_NAME)";
				SWIFT_EMIT_LOC_STRINGS = NO;
				SWIFT_VERSION = 5.0;
				TARGETED_DEVICE_FAMILY = "1,2";
				TEST_TARGET_NAME = MultipleRowsSelection;
			};
			name = Release;
		};
/* End XCBuildConfiguration section */

/* Begin XCConfigurationList section */
		54B2DD1F290C03D4008BE462 /* Build configuration list for PBXProject "MultipleRowsSelection" */ = {
			isa = XCConfigurationList;
			buildConfigurations = (
				54B2DD4C290C03D6008BE462 /* Debug */,
				54B2DD4D290C03D6008BE462 /* Release */,
			);
			defaultConfigurationIsVisible = 0;
			defaultConfigurationName = Release;
		};
		54B2DD4E290C03D6008BE462 /* Build configuration list for PBXNativeTarget "MultipleRowsSelection" */ = {
			isa = XCConfigurationList;
			buildConfigurations = (
				54B2DD4F290C03D6008BE462 /* Debug */,
				54B2DD50290C03D6008BE462 /* Release */,
			);
			defaultConfigurationIsVisible = 0;
			defaultConfigurationName = Release;
		};
		54B2DD51290C03D6008BE462 /* Build configuration list for PBXNativeTarget "MultipleRowsSelectionTests" */ = {
			isa = XCConfigurationList;
			buildConfigurations = (
				54B2DD52290C03D6008BE462 /* Debug */,
				54B2DD53290C03D6008BE462 /* Release */,
			);
			defaultConfigurationIsVisible = 0;
			defaultConfigurationName = Release;
		};
		54B2DD54290C03D6008BE462 /* Build configuration list for PBXNativeTarget "MultipleRowsSelectionUITests" */ = {
			isa = XCConfigurationList;
			buildConfigurations = (
				54B2DD55290C03D6008BE462 /* Debug */,
				54B2DD56290C03D6008BE462 /* Release */,
			);
			defaultConfigurationIsVisible = 0;
			defaultConfigurationName = Release;
		};
/* End XCConfigurationList section */
	};
	rootObject = 54B2DD1C290C03D4008BE462 /* Project object */;
}
